<?xml version="1.0" encoding="utf-8"?>
<Project ToolsVersion="4.0" xmlns="http://schemas.microsoft.com/developer/msbuild/2003">
  <ItemGroup>
    <Filter Include="Source Files">
      <UniqueIdentifier>{4FC737F1-C7A5-4376-A066-2A32D752A2FF}</UniqueIdentifier>
      <Extensions>cpp;c;cc;cxx;def;odl;idl;hpj;bat;asm;asmx</Extensions>
    </Filter>
    <Filter Include="Header Files">
      <UniqueIdentifier>{93995380-89BD-4b04-88EB-625FBE52EBFB}</UniqueIdentifier>
      <Extensions>h;hpp;hxx;hm;inl;inc;xsd</Extensions>
    </Filter>
    <Filter Include="Resource Files">
      <UniqueIdentifier>{67DA6AB6-F800-4c08-8B7A-83BB121AAD01}</UniqueIdentifier>
      <Extensions>rc;ico;cur;bmp;dlg;rc2;rct;bin;rgs;gif;jpg;jpeg;jpe;resx;tiff;tif;png;wav;mfcribbon-ms</Extensions>
    </Filter>
  </ItemGroup>
  <ItemGroup>
    <None Include="ReadMe.txt" />
    <None Include="res\launcher.rc2">
      <Filter>Resource Files</Filter>
    </None>
    <None Include="res\launcher.ico">
      <Filter>Resource Files</Filter>
    </None>
    <None Include="..\workdir\settings.xml">
      <Filter>Header Files</Filter>
    </None>
  </ItemGroup>
  <ItemGroup>
    <ClInclude Include="stdafx.h">
      <Filter>Header Files</Filter>
    </ClInclude>
    <ClInclude Include="targetver.h">
      <Filter>Header Files</Filter>
    </ClInclude>
    <ClInclude Include="Resource.h">
      <Filter>Header Files</Filter>
    </ClInclude>
    <ClInclude Include="FindFileRecursively.h">
      <Filter>Header Files</Filter>
    </ClInclude>
    <ClInclude Include="LevhensteinDistance.h">
      <Filter>Header Files</Filter>
    </ClInclude>
    <ClInclude Include="geticon.h">
      <Filter>Header Files</Filter>
    </ClInclude>
    <ClInclude Include="IWindowlessGUI.h">
      <Filter>Header Files</Filter>
    </ClInclude>
    <ClInclude Include="WindowlessInput.h">
      <Filter>Header Files</Filter>
    </ClInclude>
    <ClInclude Include="FileSource.h">
      <Filter>Header Files</Filter>
    </ClInclude>
    <ClInclude Include="FileVerbSource.h">
      <Filter>Header Files</Filter>
    </ClInclude>
    <ClInclude Include="HistorySource.h">
      <Filter>Header Files</Filter>
    </ClInclude>
    <ClInclude Include="StartMenuSource.h">
      <Filter>Header Files</Filter>
    </ClInclude>
    <ClInclude Include="EmailVerbSource.h">
      <Filter>Header Files</Filter>
    </ClInclude>
    <ClInclude Include="Source.h">
      <Filter>Header Files</Filter>
    </ClInclude>
    <ClInclude Include="SourceResult.h">
      <Filter>Header Files</Filter>
    </ClInclude>
    <ClInclude Include="Rule.h">
      <Filter>Header Files</Filter>
    </ClInclude>
    <ClInclude Include="getItemVerbs.h">
      <Filter>Header Files</Filter>
    </ClInclude>
    <ClInclude Include="pugiconfig.hpp">
      <Filter>Header Files</Filter>
    </ClInclude>
    <ClInclude Include="pugixml.hpp">
      <Filter>Header Files</Filter>
    </ClInclude>
    <ClInclude Include="ContactSource.h">
      <Filter>Header Files</Filter>
    </ClInclude>
    <ClInclude Include="DBSource.h">
      <Filter>Header Files</Filter>
    </ClInclude>
    <ClInclude Include="http.h">
      <Filter>Header Files</Filter>
    </ClInclude>
    <ClInclude Include="TextSource.h">
      <Filter>Header Files</Filter>
    </ClInclude>
    <ClInclude Include="SendEmail.h">
      <Filter>Header Files</Filter>
    </ClInclude>
    <ClInclude Include="EmailVerbRule.h">
      <Filter>Header Files</Filter>
    </ClInclude>
    <ClInclude Include="EmailFileVerbRule.h">
      <Filter>Header Files</Filter>
    </ClInclude>
    <ClInclude Include="SearchWithVerbSource.h">
      <Filter>Header Files</Filter>
    </ClInclude>
    <ClInclude Include="QuitPlugin.h">
      <Filter>Header Files</Filter>
    </ClInclude>
    <ClInclude Include="WebsitePlugin.h">
      <Filter>Header Files</Filter>
    </ClInclude>
    <ClInclude Include="FileVerbRule.h">
      <Filter>Header Files</Filter>
    </ClInclude>
    <ClInclude Include="premultAlpha.h">
      <Filter>Header Files</Filter>
    </ClInclude>
    <ClInclude Include="simpleini.h">
      <Filter>Header Files</Filter>
    </ClInclude>
    <ClInclude Include="CurrentSelectionSource.h">
      <Filter>Header Files</Filter>
    </ClInclude>
    <ClInclude Include="NetworkSource.h">
      <Filter>Header Files</Filter>
    </ClInclude>
    <ClInclude Include="utf8.h">
      <Filter>Header Files</Filter>
    </ClInclude>
    <ClInclude Include="CriticalSection.h">
      <Filter>Header Files</Filter>
    </ClInclude>
    <ClInclude Include="ShellLink.h">
      <Filter>Header Files</Filter>
    </ClInclude>
    <ClInclude Include="FileObject.h">
      <Filter>Header Files</Filter>
    </ClInclude>
    <ClInclude Include="Object.h">
      <Filter>Header Files</Filter>
    </ClInclude>
    <ClInclude Include="TextObject.h">
      <Filter>Header Files</Filter>
    </ClInclude>
    <ClInclude Include="ActiveScriptHost.h">
      <Filter>Header Files</Filter>
    </ClInclude>
    <ClInclude Include="activscp.h">
      <Filter>Header Files</Filter>
    </ClInclude>
    <ClInclude Include="activscp_plus.h">
      <Filter>Header Files</Filter>
    </ClInclude>
    <ClInclude Include="JScriptSource.h">
      <Filter>Header Files</Filter>
    </ClInclude>
    <ClInclude Include="Collecter.h">
      <Filter>Header Files</Filter>
    </ClInclude>
    <ClInclude Include="Utility.h">
      <Filter>Header Files</Filter>
    </ClInclude>
    <ClInclude Include="PainterScript.h">
      <Filter>Header Files</Filter>
    </ClInclude>
    <ClInclude Include="QatapultScript.h">
      <Filter>Header Files</Filter>
    </ClInclude>
    <ClInclude Include="Upgrade.h">
      <Filter>Header Files</Filter>
    </ClInclude>
    <ClInclude Include="JScriptCommand.h">
      <Filter>Header Files</Filter>
    </ClInclude>
    <ClInclude Include="Qatapult.h">
      <Filter>Header Files</Filter>
    </ClInclude>
    <ClInclude Include="DYNACALL.H">
      <Filter>Header Files</Filter>
    </ClInclude>
    <ClInclude Include="ShellExecuteRule.h">
      <Filter>Header Files</Filter>
    </ClInclude>
    <ClInclude Include="WindowSource.h">
      <Filter>Header Files</Filter>
    </ClInclude>
    <ClInclude Include="ScriptRule.h">
      <Filter>Header Files</Filter>
    </ClInclude>
    <ClInclude Include="SourceOfSources.h">
      <Filter>Header Files</Filter>
    </ClInclude>
    <ClInclude Include="SourceRule.h">
      <Filter>Header Files</Filter>
    </ClInclude>
    <ClInclude Include="TextItemSource.h">
      <Filter>Header Files</Filter>
    </ClInclude>
    <ClInclude Include="ClockSource.h">
      <Filter>Header Files</Filter>
    </ClInclude>
    <ClInclude Include="makeObject.h">
      <Filter>Header Files</Filter>
    </ClInclude>
  </ItemGroup>
  <ItemGroup>
    <ClCompile Include="launcher.cpp">
      <Filter>Source Files</Filter>
    </ClCompile>
    <ClCompile Include="stdafx.cpp">
      <Filter>Source Files</Filter>
    </ClCompile>
    <ClCompile Include="Md5.cpp">
      <Filter>Source Files</Filter>
    </ClCompile>
    <ClCompile Include="pugixml.cpp">
      <Filter>Source Files</Filter>
    </ClCompile>
    <ClCompile Include="..\..\external_lib\sqlite3\sqlite3.c">
      <Filter>Source Files</Filter>
    </ClCompile>
    <ClCompile Include="Object.cpp">
      <Filter>Header Files</Filter>
    </ClCompile>
    <ClCompile Include="Source.cpp">
      <Filter>Header Files</Filter>
    </ClCompile>
    <ClCompile Include="qatapult_i.c">
      <Filter>Header Files</Filter>
    </ClCompile>
    <ClCompile Include="CurrentSelectionSource.cpp">
      <Filter>Header Files</Filter>
    </ClCompile>
    <ClCompile Include="Http.cpp">
      <Filter>Header Files</Filter>
    </ClCompile>
    <ClCompile Include="SendEmail.cpp">
      <Filter>Header Files</Filter>
    </ClCompile>
    <ClCompile Include="StartMenuSource.cpp">
      <Filter>Header Files</Filter>
    </ClCompile>
    <ClCompile Include="NetworkSource.cpp">
      <Filter>Header Files</Filter>
    </ClCompile>
    <ClCompile Include="GetItemVerbs.cpp">
      <Filter>Header Files</Filter>
    </ClCompile>
    <ClCompile Include="ContactSource.cpp">
      <Filter>Header Files</Filter>
    </ClCompile>
    <ClCompile Include="Qatapult.cpp">
      <Filter>Header Files</Filter>
    </ClCompile>
    <ClCompile Include="levenshtein_distance.cpp">
      <Filter>Header Files</Filter>
    </ClCompile>
    <ClCompile Include="DYNWRAP.CPP">
      <Filter>Header Files</Filter>
    </ClCompile>
    <ClCompile Include="DYNACALL.C">
      <Filter>Header Files</Filter>
    </ClCompile>
    <ClCompile Include="makeObject.cpp">
      <Filter>Header Files</Filter>
    </ClCompile>
  </ItemGroup>
  <ItemGroup>
    <ResourceCompile Include="launcher.rc">
      <Filter>Resource Files</Filter>
    </ResourceCompile>
  </ItemGroup>
  <ItemGroup>
    <Midl Include="qatapult.idl">
      <Filter>Header Files</Filter>
    </Midl>
  </ItemGroup>
</Project>